
Microsoft Visual Studio Solution File, Format Version 12.00
# Visual Studio Version 16
VisualStudioVersion = 16.0.31729.503
MinimumVisualStudioVersion = 10.0.40219.1
Project("{FAE04EC0-301F-11D3-BF4B-00C04F79EFBC}") = "crudoperation", "crudoperation\crudoperation.csproj", "{85F5480D-2243-4EED-8057-4B5D9B7D297E}"
EndProject
Global
	GlobalSection(SolutionConfigurationPlatforms) = preSolution
		Debug|Any CPU = Debug|Any CPU
		Release|Any CPU = Release|Any CPU
	EndGlobalSection
	GlobalSection(ProjectConfigurationPlatforms) = postSolution
		{85F5480D-2243-4EED-8057-4B5D9B7D297E}.Debug|Any CPU.ActiveCfg = Debug|Any CPU
		{85F5480D-2243-4EED-8057-4B5D9B7D297E}.Debug|Any CPU.Build.0 = Debug|Any CPU
		{85F5480D-2243-4EED-8057-4B5D9B7D297E}.Release|Any CPU.ActiveCfg = Release|Any CPU
		{85F5480D-2243-4EED-8057-4B5D9B7D297E}.Release|Any CPU.Build.0 = Release|Any CPU
	EndGlobalSection
	GlobalSection(SolutionProperties) = preSolution
		HideSolutionNode = FALSE
	EndGlobalSection
	GlobalSection(ExtensibilityGlobals) = postSolution
		SolutionGuid = {E144E58B-28E0-42CE-887E-AB07B14D3D7F}
	EndGlobalSection
EndGlobal
